
Microsoft Visual Studio Solution File, Format Version 12.00
# Visual Studio Version 17
VisualStudioVersion = 17.0.31903.59
MinimumVisualStudioVersion = 10.0.40219.1
Project("{2150E333-8FDC-42A3-9474-1A3956D46DE8}") = "src", "src", "{394C34AE-B653-49BB-8468-8E134D86267A}"
EndProject
Project("{FAE04EC0-301F-11D3-BF4B-00C04F79EFBC}") = "Castr.Core", "src\Castr.Core\Castr.Core.csproj", "{91412318-D05C-4C22-A49A-D201CEB782C9}"
EndProject
Project("{FAE04EC0-301F-11D3-BF4B-00C04F79EFBC}") = "Castr.Core.Discovery", "src\Castr.Core.Discovery\Castr.Core.Discovery.csproj", "{13786511-656E-4381-9056-B7963516C67C}"
EndProject
Project("{FAE04EC0-301F-11D3-BF4B-00C04F79EFBC}") = "Castr.Cli", "src\Castr.Cli\Castr.Cli.csproj", "{3F94FEDF-ED8D-45E1-B88D-BD94DBDE96D7}"
EndProject
Project("{FAE04EC0-301F-11D3-BF4B-00C04F79EFBC}") = "Castr.Tui", "src\Castr.Tui\Castr.Tui.csproj", "{755B4034-3E7F-485B-A100-8FE4FC00F123}"
EndProject
Project("{2150E333-8FDC-42A3-9474-1A3956D46DE8}") = "tests", "tests", "{6772A182-9705-4A5B-8C20-F995E1310491}"
EndProject
Project("{FAE04EC0-301F-11D3-BF4B-00C04F79EFBC}") = "Castr.Core.Tests", "tests\Castr.Core.Tests\Castr.Core.Tests.csproj", "{B38F7CAB-0646-4801-9B50-556574D5BC99}"
EndProject
Project("{FAE04EC0-301F-11D3-BF4B-00C04F79EFBC}") = "Castr.Core.IntegrationTests", "tests\Castr.Core.IntegrationTests\Castr.Core.IntegrationTests.csproj", "{931857A7-4751-4530-8876-832842F5629E}"
EndProject
Project("{FAE04EC0-301F-11D3-BF4B-00C04F79EFBC}") = "Castr.Core.E2ETests", "tests\Castr.Core.E2ETests\Castr.Core.E2ETests.csproj", "{5034A5FE-BFD2-4838-9B5B-B140CFFC70BB}"
EndProject
Project("{FAE04EC0-301F-11D3-BF4B-00C04F79EFBC}") = "Castr.Cli.Tests", "tests\Castr.Cli.Tests\Castr.Cli.Tests.csproj", "{938CB012-46B8-415E-A958-F930703C622E}"
EndProject
Project("{FAE04EC0-301F-11D3-BF4B-00C04F79EFBC}") = "Castr.Tui.Tests", "tests\Castr.Tui.Tests\Castr.Tui.Tests.csproj", "{92A59A94-EE7F-411E-81B2-3BA11CDE8F3B}"
EndProject
Project("{FAE04EC0-301F-11D3-BF4B-00C04F79EFBC}") = "Castr.Gui", "src\Castr.Gui\Castr.Gui.csproj", "{5B24C480-D600-4F72-8EC5-DFFE348F9D1A}"
EndProject
Project("{FAE04EC0-301F-11D3-BF4B-00C04F79EFBC}") = "Castr.Gui.Desktop", "src\Castr.Gui.Desktop\Castr.Gui.Desktop.csproj", "{CCB81607-413A-4618-A651-D58101341991}"
EndProject
Project("{FAE04EC0-301F-11D3-BF4B-00C04F79EFBC}") = "Castr.Gui.Tests", "tests\Castr.Gui.Tests\Castr.Gui.Tests.csproj", "{08828341-65CC-4144-ABEF-E4A370FEAA36}"
EndProject
Project("{FAE04EC0-301F-11D3-BF4B-00C04F79EFBC}") = "Castr.Core.Discovery.Tests", "tests\Castr.Core.Discovery.Tests\Castr.Core.Discovery.Tests.csproj", "{AED3702C-39A8-4584-B6EE-0C45E05ED4D0}"
EndProject
Project("{FAE04EC0-301F-11D3-BF4B-00C04F79EFBC}") = "Castr.Gui.Android", "src\Castr.Gui.Android\Castr.Gui.Android.csproj", "{F7C67BAA-7605-4D91-88E1-856F2D90C19C}"
EndProject
Project("{FAE04EC0-301F-11D3-BF4B-00C04F79EFBC}") = "Castr.Gui.iOS", "src\Castr.Gui.iOS\Castr.Gui.iOS.csproj", "{D76A6787-EC15-41BF-9372-40D4C0AA84EA}"
EndProject
Project("{2150E333-8FDC-42A3-9474-1A3956D46DE8}") = "tools", "tools", "{07C2787E-EAC7-C090-1BA3-A61EC2A24D84}"
EndProject
Project("{2150E333-8FDC-42A3-9474-1A3956D46DE8}") = "bench", "bench", "{E37EA6CF-D95C-CF4D-B855-EC5E0519F670}"
EndProject
Project("{FAE04EC0-301F-11D3-BF4B-00C04F79EFBC}") = "Castr.Bench.Sniffer", "tools\bench\Castr.Bench.Sniffer\Castr.Bench.Sniffer.csproj", "{0965BDE4-2720-4B91-AD42-2CCB9E7C6F9D}"
EndProject
Project("{FAE04EC0-301F-11D3-BF4B-00C04F79EFBC}") = "Castr.Bench.DatagramCeiling", "tools\bench\Castr.Bench.DatagramCeiling\Castr.Bench.DatagramCeiling.csproj", "{59E76685-48EB-4286-A7DD-294D1268C61E}"
EndProject
Global
	GlobalSection(SolutionConfigurationPlatforms) = preSolution
		Debug|Any CPU = Debug|Any CPU
		Debug|x64 = Debug|x64
		Debug|x86 = Debug|x86
		Release|Any CPU = Release|Any CPU
		Release|x64 = Release|x64
		Release|x86 = Release|x86
	EndGlobalSection
	GlobalSection(ProjectConfigurationPlatforms) = postSolution
		{91412318-D05C-4C22-A49A-D201CEB782C9}.Debug|Any CPU.ActiveCfg = Debug|Any CPU
		{91412318-D05C-4C22-A49A-D201CEB782C9}.Debug|Any CPU.Build.0 = Debug|Any CPU
		{91412318-D05C-4C22-A49A-D201CEB782C9}.Debug|x64.ActiveCfg = Debug|Any CPU
		{91412318-D05C-4C22-A49A-D201CEB782C9}.Debug|x64.Build.0 = Debug|Any CPU
		{91412318-D05C-4C22-A49A-D201CEB782C9}.Debug|x86.ActiveCfg = Debug|Any CPU
		{91412318-D05C-4C22-A49A-D201CEB782C9}.Debug|x86.Build.0 = Debug|Any CPU
		{91412318-D05C-4C22-A49A-D201CEB782C9}.Release|Any CPU.ActiveCfg = Release|Any CPU
		{91412318-D05C-4C22-A49A-D201CEB782C9}.Release|Any CPU.Build.0 = Release|Any CPU
		{91412318-D05C-4C22-A49A-D201CEB782C9}.Release|x64.ActiveCfg = Release|Any CPU
		{91412318-D05C-4C22-A49A-D201CEB782C9}.Release|x64.Build.0 = Release|Any CPU
		{91412318-D05C-4C22-A49A-D201CEB782C9}.Release|x86.ActiveCfg = Release|Any CPU
		{91412318-D05C-4C22-A49A-D201CEB782C9}.Release|x86.Build.0 = Release|Any CPU
		{13786511-656E-4381-9056-B7963516C67C}.Debug|Any CPU.ActiveCfg = Debug|Any CPU
		{13786511-656E-4381-9056-B7963516C67C}.Debug|Any CPU.Build.0 = Debug|Any CPU
		{13786511-656E-4381-9056-B7963516C67C}.Debug|x64.ActiveCfg = Debug|Any CPU
		{13786511-656E-4381-9056-B7963516C67C}.Debug|x64.Build.0 = Debug|Any CPU
		{13786511-656E-4381-9056-B7963516C67C}.Debug|x86.ActiveCfg = Debug|Any CPU
		{13786511-656E-4381-9056-B7963516C67C}.Debug|x86.Build.0 = Debug|Any CPU
		{13786511-656E-4381-9056-B7963516C67C}.Release|Any CPU.ActiveCfg = Release|Any CPU
		{13786511-656E-4381-9056-B7963516C67C}.Release|Any CPU.Build.0 = Release|Any CPU
		{13786511-656E-4381-9056-B7963516C67C}.Release|x64.ActiveCfg = Release|Any CPU
		{13786511-656E-4381-9056-B7963516C67C}.Release|x64.Build.0 = Release|Any CPU
		{13786511-656E-4381-9056-B7963516C67C}.Release|x86.ActiveCfg = Release|Any CPU
		{13786511-656E-4381-9056-B7963516C67C}.Release|x86.Build.0 = Release|Any CPU
		{3F94FEDF-ED8D-45E1-B88D-BD94DBDE96D7}.Debug|Any CPU.ActiveCfg = Debug|Any CPU
		{3F94FEDF-ED8D-45E1-B88D-BD94DBDE96D7}.Debug|Any CPU.Build.0 = Debug|Any CPU
		{3F94FEDF-ED8D-45E1-B88D-BD94DBDE96D7}.Debug|x64.ActiveCfg = Debug|Any CPU
		{3F94FEDF-ED8D-45E1-B88D-BD94DBDE96D7}.Debug|x64.Build.0 = Debug|Any CPU
		{3F94FEDF-ED8D-45E1-B88D-BD94DBDE96D7}.Debug|x86.ActiveCfg = Debug|Any CPU
		{3F94FEDF-ED8D-45E1-B88D-BD94DBDE96D7}.Debug|x86.Build.0 = Debug|Any CPU
		{3F94FEDF-ED8D-45E1-B88D-BD94DBDE96D7}.Release|Any CPU.ActiveCfg = Release|Any CPU
		{3F94FEDF-ED8D-45E1-B88D-BD94DBDE96D7}.Release|Any CPU.Build.0 = Release|Any CPU
		{3F94FEDF-ED8D-45E1-B88D-BD94DBDE96D7}.Release|x64.ActiveCfg = Release|Any CPU
		{3F94FEDF-ED8D-45E1-B88D-BD94DBDE96D7}.Release|x64.Build.0 = Release|Any CPU
		{3F94FEDF-ED8D-45E1-B88D-BD94DBDE96D7}.Release|x86.ActiveCfg = Release|Any CPU
		{3F94FEDF-ED8D-45E1-B88D-BD94DBDE96D7}.Release|x86.Build.0 = Release|Any CPU
		{755B4034-3E7F-485B-A100-8FE4FC00F123}.Debug|Any CPU.ActiveCfg = Debug|Any CPU
		{755B4034-3E7F-485B-A100-8FE4FC00F123}.Debug|Any CPU.Build.0 = Debug|Any CPU
		{755B4034-3E7F-485B-A100-8FE4FC00F123}.Debug|x64.ActiveCfg = Debug|Any CPU
		{755B4034-3E7F-485B-A100-8FE4FC00F123}.Debug|x64.Build.0 = Debug|Any CPU
		{755B4034-3E7F-485B-A100-8FE4FC00F123}.Debug|x86.ActiveCfg = Debug|Any CPU
		{755B4034-3E7F-485B-A100-8FE4FC00F123}.Debug|x86.Build.0 = Debug|Any CPU
		{755B4034-3E7F-485B-A100-8FE4FC00F123}.Release|Any CPU.ActiveCfg = Release|Any CPU
		{755B4034-3E7F-485B-A100-8FE4FC00F123}.Release|Any CPU.Build.0 = Release|Any CPU
		{755B4034-3E7F-485B-A100-8FE4FC00F123}.Release|x64.ActiveCfg = Release|Any CPU
		{755B4034-3E7F-485B-A100-8FE4FC00F123}.Release|x64.Build.0 = Release|Any CPU
		{755B4034-3E7F-485B-A100-8FE4FC00F123}.Release|x86.ActiveCfg = Release|Any CPU
		{755B4034-3E7F-485B-A100-8FE4FC00F123}.Release|x86.Build.0 = Release|Any CPU
		{B38F7CAB-0646-4801-9B50-556574D5BC99}.Debug|Any CPU.ActiveCfg = Debug|Any CPU
		{B38F7CAB-0646-4801-9B50-556574D5BC99}.Debug|Any CPU.Build.0 = Debug|Any CPU
		{B38F7CAB-0646-4801-9B50-556574D5BC99}.Debug|x64.ActiveCfg = Debug|Any CPU
		{B38F7CAB-0646-4801-9B50-556574D5BC99}.Debug|x64.Build.0 = Debug|Any CPU
		{B38F7CAB-0646-4801-9B50-556574D5BC99}.Debug|x86.ActiveCfg = Debug|Any CPU
		{B38F7CAB-0646-4801-9B50-556574D5BC99}.Debug|x86.Build.0 = Debug|Any CPU
		{B38F7CAB-0646-4801-9B50-556574D5BC99}.Release|Any CPU.ActiveCfg = Release|Any CPU
		{B38F7CAB-0646-4801-9B50-556574D5BC99}.Release|Any CPU.Build.0 = Release|Any CPU
		{B38F7CAB-0646-4801-9B50-556574D5BC99}.Release|x64.ActiveCfg = Release|Any CPU
		{B38F7CAB-0646-4801-9B50-556574D5BC99}.Release|x64.Build.0 = Release|Any CPU
		{B38F7CAB-0646-4801-9B50-556574D5BC99}.Release|x86.ActiveCfg = Release|Any CPU
		{B38F7CAB-0646-4801-9B50-556574D5BC99}.Release|x86.Build.0 = Release|Any CPU
		{931857A7-4751-4530-8876-832842F5629E}.Debug|Any CPU.ActiveCfg = Debug|Any CPU
		{931857A7-4751-4530-8876-832842F5629E}.Debug|Any CPU.Build.0 = Debug|Any CPU
		{931857A7-4751-4530-8876-832842F5629E}.Debug|x64.ActiveCfg = Debug|Any CPU
		{931857A7-4751-4530-8876-832842F5629E}.Debug|x64.Build.0 = Debug|Any CPU
		{931857A7-4751-4530-8876-832842F5629E}.Debug|x86.ActiveCfg = Debug|Any CPU
		{931857A7-4751-4530-8876-832842F5629E}.Debug|x86.Build.0 = Debug|Any CPU
		{931857A7-4751-4530-8876-832842F5629E}.Release|Any CPU.ActiveCfg = Release|Any CPU
		{931857A7-4751-4530-8876-832842F5629E}.Release|Any CPU.Build.0 = Release|Any CPU
		{931857A7-4751-4530-8876-832842F5629E}.Release|x64.ActiveCfg = Release|Any CPU
		{931857A7-4751-4530-8876-832842F5629E}.Release|x64.Build.0 = Release|Any CPU
		{931857A7-4751-4530-8876-832842F5629E}.Release|x86.ActiveCfg = Release|Any CPU
		{931857A7-4751-4530-8876-832842F5629E}.Release|x86.Build.0 = Release|Any CPU
		{5034A5FE-BFD2-4838-9B5B-B140CFFC70BB}.Debug|Any CPU.ActiveCfg = Debug|Any CPU
		{5034A5FE-BFD2-4838-9B5B-B140CFFC70BB}.Debug|Any CPU.Build.0 = Debug|Any CPU
		{5034A5FE-BFD2-4838-9B5B-B140CFFC70BB}.Debug|x64.ActiveCfg = Debug|Any CPU
		{5034A5FE-BFD2-4838-9B5B-B140CFFC70BB}.Debug|x64.Build.0 = Debug|Any CPU
		{5034A5FE-BFD2-4838-9B5B-B140CFFC70BB}.Debug|x86.ActiveCfg = Debug|Any CPU
		{5034A5FE-BFD2-4838-9B5B-B140CFFC70BB}.Debug|x86.Build.0 = Debug|Any CPU
		{5034A5FE-BFD2-4838-9B5B-B140CFFC70BB}.Release|Any CPU.ActiveCfg = Release|Any CPU
		{5034A5FE-BFD2-4838-9B5B-B140CFFC70BB}.Release|Any CPU.Build.0 = Release|Any CPU
		{5034A5FE-BFD2-4838-9B5B-B140CFFC70BB}.Release|x64.ActiveCfg = Release|Any CPU
		{5034A5FE-BFD2-4838-9B5B-B140CFFC70BB}.Release|x64.Build.0 = Release|Any CPU
		{5034A5FE-BFD2-4838-9B5B-B140CFFC70BB}.Release|x86.ActiveCfg = Release|Any CPU
		{5034A5FE-BFD2-4838-9B5B-B140CFFC70BB}.Release|x86.Build.0 = Release|Any CPU
		{938CB012-46B8-415E-A958-F930703C622E}.Debug|Any CPU.ActiveCfg = Debug|Any CPU
		{938CB012-46B8-415E-A958-F930703C622E}.Debug|Any CPU.Build.0 = Debug|Any CPU
		{938CB012-46B8-415E-A958-F930703C622E}.Debug|x64.ActiveCfg = Debug|Any CPU
		{938CB012-46B8-415E-A958-F930703C622E}.Debug|x64.Build.0 = Debug|Any CPU
		{938CB012-46B8-415E-A958-F930703C622E}.Debug|x86.ActiveCfg = Debug|Any CPU
		{938CB012-46B8-415E-A958-F930703C622E}.Debug|x86.Build.0 = Debug|Any CPU
		{938CB012-46B8-415E-A958-F930703C622E}.Release|Any CPU.ActiveCfg = Release|Any CPU
		{938CB012-46B8-415E-A958-F930703C622E}.Release|Any CPU.Build.0 = Release|Any CPU
		{938CB012-46B8-415E-A958-F930703C622E}.Release|x64.ActiveCfg = Release|Any CPU
		{938CB012-46B8-415E-A958-F930703C622E}.Release|x64.Build.0 = Release|Any CPU
		{938CB012-46B8-415E-A958-F930703C622E}.Release|x86.ActiveCfg = Release|Any CPU
		{938CB012-46B8-415E-A958-F930703C622E}.Release|x86.Build.0 = Release|Any CPU
		{92A59A94-EE7F-411E-81B2-3BA11CDE8F3B}.Debug|Any CPU.ActiveCfg = Debug|Any CPU
		{92A59A94-EE7F-411E-81B2-3BA11CDE8F3B}.Debug|Any CPU.Build.0 = Debug|Any CPU
		{92A59A94-EE7F-411E-81B2-3BA11CDE8F3B}.Debug|x64.ActiveCfg = Debug|Any CPU
		{92A59A94-EE7F-411E-81B2-3BA11CDE8F3B}.Debug|x64.Build.0 = Debug|Any CPU
		{92A59A94-EE7F-411E-81B2-3BA11CDE8F3B}.Debug|x86.ActiveCfg = Debug|Any CPU
		{92A59A94-EE7F-411E-81B2-3BA11CDE8F3B}.Debug|x86.Build.0 = Debug|Any CPU
		{92A59A94-EE7F-411E-81B2-3BA11CDE8F3B}.Release|Any CPU.ActiveCfg = Release|Any CPU
		{92A59A94-EE7F-411E-81B2-3BA11CDE8F3B}.Release|Any CPU.Build.0 = Release|Any CPU
		{92A59A94-EE7F-411E-81B2-3BA11CDE8F3B}.Release|x64.ActiveCfg = Release|Any CPU
		{92A59A94-EE7F-411E-81B2-3BA11CDE8F3B}.Release|x64.Build.0 = Release|Any CPU
		{92A59A94-EE7F-411E-81B2-3BA11CDE8F3B}.Release|x86.ActiveCfg = Release|Any CPU
		{92A59A94-EE7F-411E-81B2-3BA11CDE8F3B}.Release|x86.Build.0 = Release|Any CPU
		{5B24C480-D600-4F72-8EC5-DFFE348F9D1A}.Debug|Any CPU.ActiveCfg = Debug|Any CPU
		{5B24C480-D600-4F72-8EC5-DFFE348F9D1A}.Debug|Any CPU.Build.0 = Debug|Any CPU
		{5B24C480-D600-4F72-8EC5-DFFE348F9D1A}.Debug|x64.ActiveCfg = Debug|Any CPU
		{5B24C480-D600-4F72-8EC5-DFFE348F9D1A}.Debug|x64.Build.0 = Debug|Any CPU
		{5B24C480-D600-4F72-8EC5-DFFE348F9D1A}.Debug|x86.ActiveCfg = Debug|Any CPU
		{5B24C480-D600-4F72-8EC5-DFFE348F9D1A}.Debug|x86.Build.0 = Debug|Any CPU
		{5B24C480-D600-4F72-8EC5-DFFE348F9D1A}.Release|Any CPU.ActiveCfg = Release|Any CPU
		{5B24C480-D600-4F72-8EC5-DFFE348F9D1A}.Release|Any CPU.Build.0 = Release|Any CPU
		{5B24C480-D600-4F72-8EC5-DFFE348F9D1A}.Release|x64.ActiveCfg = Release|Any CPU
		{5B24C480-D600-4F72-8EC5-DFFE348F9D1A}.Release|x64.Build.0 = Release|Any CPU
		{5B24C480-D600-4F72-8EC5-DFFE348F9D1A}.Release|x86.ActiveCfg = Release|Any CPU
		{5B24C480-D600-4F72-8EC5-DFFE348F9D1A}.Release|x86.Build.0 = Release|Any CPU
		{CCB81607-413A-4618-A651-D58101341991}.Debug|Any CPU.ActiveCfg = Debug|Any CPU
		{CCB81607-413A-4618-A651-D58101341991}.Debug|Any CPU.Build.0 = Debug|Any CPU
		{CCB81607-413A-4618-A651-D58101341991}.Debug|x64.ActiveCfg = Debug|Any CPU
		{CCB81607-413A-4618-A651-D58101341991}.Debug|x64.Build.0 = Debug|Any CPU
		{CCB81607-413A-4618-A651-D58101341991}.Debug|x86.ActiveCfg = Debug|Any CPU
		{CCB81607-413A-4618-A651-D58101341991}.Debug|x86.Build.0 = Debug|Any CPU
		{CCB81607-413A-4618-A651-D58101341991}.Release|Any CPU.ActiveCfg = Release|Any CPU
		{CCB81607-413A-4618-A651-D58101341991}.Release|Any CPU.Build.0 = Release|Any CPU
		{CCB81607-413A-4618-A651-D58101341991}.Release|x64.ActiveCfg = Release|Any CPU
		{CCB81607-413A-4618-A651-D58101341991}.Release|x64.Build.0 = Release|Any CPU
		{CCB81607-413A-4618-A651-D58101341991}.Release|x86.ActiveCfg = Release|Any CPU
		{CCB81607-413A-4618-A651-D58101341991}.Release|x86.Build.0 = Release|Any CPU
		{08828341-65CC-4144-ABEF-E4A370FEAA36}.Debug|Any CPU.ActiveCfg = Debug|Any CPU
		{08828341-65CC-4144-ABEF-E4A370FEAA36}.Debug|Any CPU.Build.0 = Debug|Any CPU
		{08828341-65CC-4144-ABEF-E4A370FEAA36}.Debug|x64.ActiveCfg = Debug|Any CPU
		{08828341-65CC-4144-ABEF-E4A370FEAA36}.Debug|x64.Build.0 = Debug|Any CPU
		{08828341-65CC-4144-ABEF-E4A370FEAA36}.Debug|x86.ActiveCfg = Debug|Any CPU
		{08828341-65CC-4144-ABEF-E4A370FEAA36}.Debug|x86.Build.0 = Debug|Any CPU
		{08828341-65CC-4144-ABEF-E4A370FEAA36}.Release|Any CPU.ActiveCfg = Release|Any CPU
		{08828341-65CC-4144-ABEF-E4A370FEAA36}.Release|Any CPU.Build.0 = Release|Any CPU
		{08828341-65CC-4144-ABEF-E4A370FEAA36}.Release|x64.ActiveCfg = Release|Any CPU
		{08828341-65CC-4144-ABEF-E4A370FEAA36}.Release|x64.Build.0 = Release|Any CPU
		{08828341-65CC-4144-ABEF-E4A370FEAA36}.Release|x86.ActiveCfg = Release|Any CPU
		{08828341-65CC-4144-ABEF-E4A370FEAA36}.Release|x86.Build.0 = Release|Any CPU
		{AED3702C-39A8-4584-B6EE-0C45E05ED4D0}.Debug|Any CPU.ActiveCfg = Debug|Any CPU
		{AED3702C-39A8-4584-B6EE-0C45E05ED4D0}.Debug|Any CPU.Build.0 = Debug|Any CPU
		{AED3702C-39A8-4584-B6EE-0C45E05ED4D0}.Debug|x64.ActiveCfg = Debug|Any CPU
		{AED3702C-39A8-4584-B6EE-0C45E05ED4D0}.Debug|x64.Build.0 = Debug|Any CPU
		{AED3702C-39A8-4584-B6EE-0C45E05ED4D0}.Debug|x86.ActiveCfg = Debug|Any CPU
		{AED3702C-39A8-4584-B6EE-0C45E05ED4D0}.Debug|x86.Build.0 = Debug|Any CPU
		{AED3702C-39A8-4584-B6EE-0C45E05ED4D0}.Release|Any CPU.ActiveCfg = Release|Any CPU
		{AED3702C-39A8-4584-B6EE-0C45E05ED4D0}.Release|Any CPU.Build.0 = Release|Any CPU
		{AED3702C-39A8-4584-B6EE-0C45E05ED4D0}.Release|x64.ActiveCfg = Release|Any CPU
		{AED3702C-39A8-4584-B6EE-0C45E05ED4D0}.Release|x64.Build.0 = Release|Any CPU
		{AED3702C-39A8-4584-B6EE-0C45E05ED4D0}.Release|x86.ActiveCfg = Release|Any CPU
		{AED3702C-39A8-4584-B6EE-0C45E05ED4D0}.Release|x86.Build.0 = Release|Any CPU
		{F7C67BAA-7605-4D91-88E1-856F2D90C19C}.Debug|Any CPU.ActiveCfg = Debug|Any CPU
		{F7C67BAA-7605-4D91-88E1-856F2D90C19C}.Debug|x64.ActiveCfg = Debug|Any CPU
		{F7C67BAA-7605-4D91-88E1-856F2D90C19C}.Debug|x86.ActiveCfg = Debug|Any CPU
		{F7C67BAA-7605-4D91-88E1-856F2D90C19C}.Release|Any CPU.ActiveCfg = Release|Any CPU
		{F7C67BAA-7605-4D91-88E1-856F2D90C19C}.Release|x64.ActiveCfg = Release|Any CPU
		{F7C67BAA-7605-4D91-88E1-856F2D90C19C}.Release|x86.ActiveCfg = Release|Any CPU
		{D76A6787-EC15-41BF-9372-40D4C0AA84EA}.Debug|Any CPU.ActiveCfg = Debug|Any CPU
		{D76A6787-EC15-41BF-9372-40D4C0AA84EA}.Debug|Any CPU.Build.0 = Debug|Any CPU
		{D76A6787-EC15-41BF-9372-40D4C0AA84EA}.Debug|x64.ActiveCfg = Debug|Any CPU
		{D76A6787-EC15-41BF-9372-40D4C0AA84EA}.Debug|x64.Build.0 = Debug|Any CPU
		{D76A6787-EC15-41BF-9372-40D4C0AA84EA}.Debug|x86.ActiveCfg = Debug|Any CPU
		{D76A6787-EC15-41BF-9372-40D4C0AA84EA}.Debug|x86.Build.0 = Debug|Any CPU
		{D76A6787-EC15-41BF-9372-40D4C0AA84EA}.Release|Any CPU.ActiveCfg = Release|Any CPU
		{D76A6787-EC15-41BF-9372-40D4C0AA84EA}.Release|Any CPU.Build.0 = Release|Any CPU
		{D76A6787-EC15-41BF-9372-40D4C0AA84EA}.Release|x64.ActiveCfg = Release|Any CPU
		{D76A6787-EC15-41BF-9372-40D4C0AA84EA}.Release|x64.Build.0 = Release|Any CPU
		{D76A6787-EC15-41BF-9372-40D4C0AA84EA}.Release|x86.ActiveCfg = Release|Any CPU
		{D76A6787-EC15-41BF-9372-40D4C0AA84EA}.Release|x86.Build.0 = Release|Any CPU
		{0965BDE4-2720-4B91-AD42-2CCB9E7C6F9D}.Debug|Any CPU.ActiveCfg = Debug|Any CPU
		{0965BDE4-2720-4B91-AD42-2CCB9E7C6F9D}.Debug|Any CPU.Build.0 = Debug|Any CPU
		{0965BDE4-2720-4B91-AD42-2CCB9E7C6F9D}.Debug|x64.ActiveCfg = Debug|Any CPU
		{0965BDE4-2720-4B91-AD42-2CCB9E7C6F9D}.Debug|x64.Build.0 = Debug|Any CPU
		{0965BDE4-2720-4B91-AD42-2CCB9E7C6F9D}.Debug|x86.ActiveCfg = Debug|Any CPU
		{0965BDE4-2720-4B91-AD42-2CCB9E7C6F9D}.Debug|x86.Build.0 = Debug|Any CPU
		{0965BDE4-2720-4B91-AD42-2CCB9E7C6F9D}.Release|Any CPU.ActiveCfg = Release|Any CPU
		{0965BDE4-2720-4B91-AD42-2CCB9E7C6F9D}.Release|Any CPU.Build.0 = Release|Any CPU
		{0965BDE4-2720-4B91-AD42-2CCB9E7C6F9D}.Release|x64.ActiveCfg = Release|Any CPU
		{0965BDE4-2720-4B91-AD42-2CCB9E7C6F9D}.Release|x64.Build.0 = Release|Any CPU
		{0965BDE4-2720-4B91-AD42-2CCB9E7C6F9D}.Release|x86.ActiveCfg = Release|Any CPU
		{0965BDE4-2720-4B91-AD42-2CCB9E7C6F9D}.Release|x86.Build.0 = Release|Any CPU
		{59E76685-48EB-4286-A7DD-294D1268C61E}.Debug|Any CPU.ActiveCfg = Debug|Any CPU
		{59E76685-48EB-4286-A7DD-294D1268C61E}.Debug|Any CPU.Build.0 = Debug|Any CPU
		{59E76685-48EB-4286-A7DD-294D1268C61E}.Debug|x64.ActiveCfg = Debug|Any CPU
		{59E76685-48EB-4286-A7DD-294D1268C61E}.Debug|x64.Build.0 = Debug|Any CPU
		{59E76685-48EB-4286-A7DD-294D1268C61E}.Debug|x86.ActiveCfg = Debug|Any CPU
		{59E76685-48EB-4286-A7DD-294D1268C61E}.Debug|x86.Build.0 = Debug|Any CPU
		{59E76685-48EB-4286-A7DD-294D1268C61E}.Release|Any CPU.ActiveCfg = Release|Any CPU
		{59E76685-48EB-4286-A7DD-294D1268C61E}.Release|Any CPU.Build.0 = Release|Any CPU
		{59E76685-48EB-4286-A7DD-294D1268C61E}.Release|x64.ActiveCfg = Release|Any CPU
		{59E76685-48EB-4286-A7DD-294D1268C61E}.Release|x64.Build.0 = Release|Any CPU
		{59E76685-48EB-4286-A7DD-294D1268C61E}.Release|x86.ActiveCfg = Release|Any CPU
		{59E76685-48EB-4286-A7DD-294D1268C61E}.Release|x86.Build.0 = Release|Any CPU
	EndGlobalSection
	GlobalSection(SolutionProperties) = preSolution
		HideSolutionNode = FALSE
	EndGlobalSection
	GlobalSection(NestedProjects) = preSolution
		{91412318-D05C-4C22-A49A-D201CEB782C9} = {394C34AE-B653-49BB-8468-8E134D86267A}
		{13786511-656E-4381-9056-B7963516C67C} = {394C34AE-B653-49BB-8468-8E134D86267A}
		{3F94FEDF-ED8D-45E1-B88D-BD94DBDE96D7} = {394C34AE-B653-49BB-8468-8E134D86267A}
		{755B4034-3E7F-485B-A100-8FE4FC00F123} = {394C34AE-B653-49BB-8468-8E134D86267A}
		{B38F7CAB-0646-4801-9B50-556574D5BC99} = {6772A182-9705-4A5B-8C20-F995E1310491}
		{931857A7-4751-4530-8876-832842F5629E} = {6772A182-9705-4A5B-8C20-F995E1310491}
		{5034A5FE-BFD2-4838-9B5B-B140CFFC70BB} = {6772A182-9705-4A5B-8C20-F995E1310491}
		{938CB012-46B8-415E-A958-F930703C622E} = {6772A182-9705-4A5B-8C20-F995E1310491}
		{92A59A94-EE7F-411E-81B2-3BA11CDE8F3B} = {6772A182-9705-4A5B-8C20-F995E1310491}
		{5B24C480-D600-4F72-8EC5-DFFE348F9D1A} = {394C34AE-B653-49BB-8468-8E134D86267A}
		{CCB81607-413A-4618-A651-D58101341991} = {394C34AE-B653-49BB-8468-8E134D86267A}
		{08828341-65CC-4144-ABEF-E4A370FEAA36} = {6772A182-9705-4A5B-8C20-F995E1310491}
		{AED3702C-39A8-4584-B6EE-0C45E05ED4D0} = {6772A182-9705-4A5B-8C20-F995E1310491}
		{F7C67BAA-7605-4D91-88E1-856F2D90C19C} = {394C34AE-B653-49BB-8468-8E134D86267A}
		{D76A6787-EC15-41BF-9372-40D4C0AA84EA} = {394C34AE-B653-49BB-8468-8E134D86267A}
		{E37EA6CF-D95C-CF4D-B855-EC5E0519F670} = {07C2787E-EAC7-C090-1BA3-A61EC2A24D84}
		{0965BDE4-2720-4B91-AD42-2CCB9E7C6F9D} = {E37EA6CF-D95C-CF4D-B855-EC5E0519F670}
		{59E76685-48EB-4286-A7DD-294D1268C61E} = {E37EA6CF-D95C-CF4D-B855-EC5E0519F670}
	EndGlobalSection
EndGlobal
